
Microsoft Visual Studio Solution File, Format Version 9.00
# Visual Studio 2005
Project("{8BC9CEB8-8B4A-11D0-8D11-00A0C91BC942}") = "PR3.4", "PR3.4\PR3.4.vcproj", "{FC1AC25C-8CAF-4EFF-9101-BF63AB739EF9}"
EndProject
Global
	GlobalSection(SolutionConfigurationPlatforms) = preSolution
		Debug|Win32 = Debug|Win32
		Release|Win32 = Release|Win32
	EndGlobalSection
	GlobalSection(ProjectConfigurationPlatforms) = postSolution
		{FC1AC25C-8CAF-4EFF-9101-BF63AB739EF9}.Debug|Win32.ActiveCfg = Debug|Win32
		{FC1AC25C-8CAF-4EFF-9101-BF63AB739EF9}.Debug|Win32.Build.0 = Debug|Win32
		{FC1AC25C-8CAF-4EFF-9101-BF63AB739EF9}.Release|Win32.ActiveCfg = Release|Win32
		{FC1AC25C-8CAF-4EFF-9101-BF63AB739EF9}.Release|Win32.Build.0 = Release|Win32
	EndGlobalSection
	GlobalSection(SolutionProperties) = preSolution
		HideSolutionNode = FALSE
	EndGlobalSection
EndGlobal
